
Microsoft Visual Studio Solution File, Format Version 12.00
# Visual Studio Version 16
VisualStudioVersion = 16.0.30621.155
MinimumVisualStudioVersion = 10.0.40219.1
Project("{FAE04EC0-301F-11D3-BF4B-00C04F79EFBC}") = "Week_one_challenge", "Week_one_challenge\Week_one_challenge.csproj", "{3C406CB6-DAF5-4C1F-A014-F340AC88FCBC}"
EndProject
Global
	GlobalSection(SolutionConfigurationPlatforms) = preSolution
		Debug|Any CPU = Debug|Any CPU
		Release|Any CPU = Release|Any CPU
	EndGlobalSection
	GlobalSection(ProjectConfigurationPlatforms) = postSolution
		{3C406CB6-DAF5-4C1F-A014-F340AC88FCBC}.Debug|Any CPU.ActiveCfg = Debug|Any CPU
		{3C406CB6-DAF5-4C1F-A014-F340AC88FCBC}.Debug|Any CPU.Build.0 = Debug|Any CPU
		{3C406CB6-DAF5-4C1F-A014-F340AC88FCBC}.Release|Any CPU.ActiveCfg = Release|Any CPU
		{3C406CB6-DAF5-4C1F-A014-F340AC88FCBC}.Release|Any CPU.Build.0 = Release|Any CPU
	EndGlobalSection
	GlobalSection(SolutionProperties) = preSolution
		HideSolutionNode = FALSE
	EndGlobalSection
	GlobalSection(ExtensibilityGlobals) = postSolution
		SolutionGuid = {BA022F9F-E573-4BE6-8C28-C19DADC118D8}
	EndGlobalSection
EndGlobal
